Microsoft Visual Studio Solution File, Format Version 12.00
# Visual Studio Version 17
VisualStudioVersion = 17.5.2.0
MinimumVisualStudioVersion = 10.0.40219.1
Project("{FAE04EC0-301F-11D3-BF4B-00C04F79EFBC}") = "ModularEshopApi", "ModularEshopApi.csproj", "{0A5E434C-F6AC-569B-33C7-7AB0351A8A92}"
EndProject
Global
	GlobalSection(SolutionConfigurationPlatforms) = preSolution
		Debug|Any CPU = Debug|Any CPU
		Release|Any CPU = Release|Any CPU
	EndGlobalSection
	GlobalSection(ProjectConfigurationPlatforms) = postSolution
		{0A5E434C-F6AC-569B-33C7-7AB0351A8A92}.Debug|Any CPU.ActiveCfg = Debug|Any CPU
		{0A5E434C-F6AC-569B-33C7-7AB0351A8A92}.Debug|Any CPU.Build.0 = Debug|Any CPU
		{0A5E434C-F6AC-569B-33C7-7AB0351A8A92}.Release|Any CPU.ActiveCfg = Release|Any CPU
		{0A5E434C-F6AC-569B-33C7-7AB0351A8A92}.Release|Any CPU.Build.0 = Release|Any CPU
	EndGlobalSection
	GlobalSection(SolutionProperties) = preSolution
		HideSolutionNode = FALSE
	EndGlobalSection
	GlobalSection(ExtensibilityGlobals) = postSolution
		SolutionGuid = {C4F126F9-49F0-4BDE-816C-80364A02B096}
	EndGlobalSection
EndGlobal
